// !$*UTF8*$!
{
	archiveVersion = 1;
	classes = {
	};
	objectVersion = 55;
	objects = {

/* Begin PBXBuildFile section */
		7A1252DF291B73AA0087656B /* MenuListViewController.swift in Sources */ = {isa = PBXBuildFile; fileRef = 7A1252DE291B73AA0087656B /* MenuListViewController.swift */; };
		7A1252E1291B7D900087656B /* MenuListTableViewCell.swift in Sources */ = {isa = PBXBuildFile; fileRef = 7A1252E0291B7D900087656B /* MenuListTableViewCell.swift */; };
		7A1252E3291B856A0087656B /* MyMenuTableViewCell.swift in Sources */ = {isa = PBXBuildFile; fileRef = 7A1252E2291B856A0087656B /* MyMenuTableViewCell.swift */; };
		7A1252E5291BA1930087656B /* MenuSequenceChangeViewController.swift in Sources */ = {isa = PBXBuildFile; fileRef = 7A1252E4291BA1930087656B /* MenuSequenceChangeViewController.swift */; };
		7A1252E8291CDA150087656B /* AlertViewController.swift in Sources */ = {isa = PBXBuildFile; fileRef = 7A1252E7291CDA150087656B /* AlertViewController.swift */; };
		7A245047291E33520049EED5 /* SearchViewController.swift in Sources */ = {isa = PBXBuildFile; fileRef = 7A245046291E33520049EED5 /* SearchViewController.swift */; };
		7A245049291E338C0049EED5 /* SearchListViewController.swift in Sources */ = {isa = PBXBuildFile; fileRef = 7A245048291E338C0049EED5 /* SearchListViewController.swift */; };
		7A24504E2922318C0049EED5 /* PoketViewController.swift in Sources */ = {isa = PBXBuildFile; fileRef = 7A24504D2922318C0049EED5 /* PoketViewController.swift */; };
		7A24505029223E7A0049EED5 /* PoketFoodViewController.swift in Sources */ = {isa = PBXBuildFile; fileRef = 7A24504F29223E7A0049EED5 /* PoketFoodViewController.swift */; };
		7A24505229223E840049EED5 /* PoketProductViewController.swift in Sources */ = {isa = PBXBuildFile; fileRef = 7A24505129223E840049EED5 /* PoketProductViewController.swift */; };
		7A2450542923613D0049EED5 /* OrderViewModel.swift in Sources */ = {isa = PBXBuildFile; fileRef = 7A2450532923613D0049EED5 /* OrderViewModel.swift */; };
		7A245056292372ED0049EED5 /* AllMenuViewModel.swift in Sources */ = {isa = PBXBuildFile; fileRef = 7A245055292372ED0049EED5 /* AllMenuViewModel.swift */; };
		7A2450582924BC600049EED5 /* UIImageView.swift in Sources */ = {isa = PBXBuildFile; fileRef = 7A2450572924BC600049EED5 /* UIImageView.swift */; };
		7A24505A2924D42B0049EED5 /* LocationViewController.swift in Sources */ = {isa = PBXBuildFile; fileRef = 7A2450592924D42B0049EED5 /* LocationViewController.swift */; };
		7AB3CD672918F5EF0001415F /* AppDelegate.swift in Sources */ = {isa = PBXBuildFile; fileRef = 7AB3CD662918F5EF0001415F /* AppDelegate.swift */; };
		7AB3CD692918F5EF0001415F /* SceneDelegate.swift in Sources */ = {isa = PBXBuildFile; fileRef = 7AB3CD682918F5EF0001415F /* SceneDelegate.swift */; };
		7AB3CD6B2918F5EF0001415F /* HomeViewController.swift in Sources */ = {isa = PBXBuildFile; fileRef = 7AB3CD6A2918F5EF0001415F /* HomeViewController.swift */; };
		7AB3CD6E2918F5EF0001415F /* Main.storyboard in Resources */ = {isa = PBXBuildFile; fileRef = 7AB3CD6C2918F5EF0001415F /* Main.storyboard */; };
		7AB3CD702918F5F00001415F /* Assets.xcassets in Resources */ = {isa = PBXBuildFile; fileRef = 7AB3CD6F2918F5F00001415F /* Assets.xcassets */; };
		7AB3CD732918F5F00001415F /* LaunchScreen.storyboard in Resources */ = {isa = PBXBuildFile; fileRef = 7AB3CD712918F5F00001415F /* LaunchScreen.storyboard */; };
		7AB3CD7B2918F7BF0001415F /* PayViewController.swift in Sources */ = {isa = PBXBuildFile; fileRef = 7AB3CD7A2918F7BF0001415F /* PayViewController.swift */; };
		7AB3CD7D2918F7C50001415F /* OrderViewController.swift in Sources */ = {isa = PBXBuildFile; fileRef = 7AB3CD7C2918F7C50001415F /* OrderViewController.swift */; };
		7AB3CD7F2918F7CA0001415F /* ShopViewController.swift in Sources */ = {isa = PBXBuildFile; fileRef = 7AB3CD7E2918F7CA0001415F /* ShopViewController.swift */; };
		7AB3CD812918F7D40001415F /* OtherViewController.swift in Sources */ = {isa = PBXBuildFile; fileRef = 7AB3CD802918F7D40001415F /* OtherViewController.swift */; };
		7AB3CD85291909FE0001415F /* UIView.swift in Sources */ = {isa = PBXBuildFile; fileRef = 7AB3CD84291909FE0001415F /* UIView.swift */; };
		7AB3CD8729190A190001415F /* UIColor.swift in Sources */ = {isa = PBXBuildFile; fileRef = 7AB3CD8629190A190001415F /* UIColor.swift */; };
		7AB3CD8929190D070001415F /* CALayer.swift in Sources */ = {isa = PBXBuildFile; fileRef = 7AB3CD8829190D070001415F /* CALayer.swift */; };
		7AB3CD8C291A124C0001415F /* AllMenuViewController.swift in Sources */ = {isa = PBXBuildFile; fileRef = 7AB3CD8B291A124C0001415F /* AllMenuViewController.swift */; };
		7AB3CD8E291A12570001415F /* MyMenuViewController.swift in Sources */ = {isa = PBXBuildFile; fileRef = 7AB3CD8D291A12570001415F /* MyMenuViewController.swift */; };
		7AB3CD90291A20740001415F /* AllMenuTableViewCell.swift in Sources */ = {isa = PBXBuildFile; fileRef = 7AB3CD8F291A20740001415F /* AllMenuTableViewCell.swift */; };
		7AB3CD97291A395F0001415F /* Menu.swift in Sources */ = {isa = PBXBuildFile; fileRef = 7AB3CD96291A395F0001415F /* Menu.swift */; };
		F30DC839C97BD978238C1EF3 /* Pods_StarBucks.framework in Frameworks */ = {isa = PBXBuildFile; fileRef = 7AB1500B4BBF580FA724E1AF /* Pods_StarBucks.framework */; };
/* End PBXBuildFile section */

/* Begin PBXFileReference section */
		7A1252DE291B73AA0087656B /* MenuListViewController.swift */ = {isa = PBXFileReference; lastKnownFileType = sourcecode.swift; path = MenuListViewController.swift; sourceTree = "<group>"; };
		7A1252E0291B7D900087656B /* MenuListTableViewCell.swift */ = {isa = PBXFileReference; lastKnownFileType = sourcecode.swift; path = MenuListTableViewCell.swift; sourceTree = "<group>"; };
		7A1252E2291B856A0087656B /* MyMenuTableViewCell.swift */ = {isa = PBXFileReference; lastKnownFileType = sourcecode.swift; path = MyMenuTableViewCell.swift; sourceTree = "<group>"; };
		7A1252E4291BA1930087656B /* MenuSequenceChangeViewController.swift */ = {isa = PBXFileReference; lastKnownFileType = sourcecode.swift; path = MenuSequenceChangeViewController.swift; sourceTree = "<group>"; };
		7A1252E7291CDA150087656B /* AlertViewController.swift */ = {isa = PBXFileReference; lastKnownFileType = sourcecode.swift; path = AlertViewController.swift; sourceTree = "<group>"; };
		7A245046291E33520049EED5 /* SearchViewController.swift */ = {isa = PBXFileReference; lastKnownFileType = sourcecode.swift; path = SearchViewController.swift; sourceTree = "<group>"; };
		7A245048291E338C0049EED5 /* SearchListViewController.swift */ = {isa = PBXFileReference; lastKnownFileType = sourcecode.swift; path = SearchListViewController.swift; sourceTree = "<group>"; };
		7A24504D2922318C0049EED5 /* PoketViewController.swift */ = {isa = PBXFileReference; lastKnownFileType = sourcecode.swift; path = PoketViewController.swift; sourceTree = "<group>"; };
		7A24504F29223E7A0049EED5 /* PoketFoodViewController.swift */ = {isa = PBXFileReference; lastKnownFileType = sourcecode.swift; path = PoketFoodViewController.swift; sourceTree = "<group>"; };
		7A24505129223E840049EED5 /* PoketProductViewController.swift */ = {isa = PBXFileReference; lastKnownFileType = sourcecode.swift; path = PoketProductViewController.swift; sourceTree = "<group>"; };
		7A2450532923613D0049EED5 /* OrderViewModel.swift */ = {isa = PBXFileReference; lastKnownFileType = sourcecode.swift; path = OrderViewModel.swift; sourceTree = "<group>"; };
		7A245055292372ED0049EED5 /* AllMenuViewModel.swift */ = {isa = PBXFileReference; lastKnownFileType = sourcecode.swift; path = AllMenuViewModel.swift; sourceTree = "<group>"; };
		7A2450572924BC600049EED5 /* UIImageView.swift */ = {isa = PBXFileReference; lastKnownFileType = sourcecode.swift; path = UIImageView.swift; sourceTree = "<group>"; };
		7A2450592924D42B0049EED5 /* LocationViewController.swift */ = {isa = PBXFileReference; lastKnownFileType = sourcecode.swift; path = LocationViewController.swift; sourceTree = "<group>"; };
		7AB1500B4BBF580FA724E1AF /* Pods_StarBucks.framework */ = {isa = PBXFileReference; explicitFileType = wrapper.framework; includeInIndex = 0; path = Pods_StarBucks.framework; sourceTree = BUILT_PRODUCTS_DIR; };
		7AB3CD632918F5EF0001415F /* StarBucks.app */ = {isa = PBXFileReference; explicitFileType = wrapper.application; includeInIndex = 0; path = StarBucks.app; sourceTree = BUILT_PRODUCTS_DIR; };
		7AB3CD662918F5EF0001415F /* AppDelegate.swift */ = {isa = PBXFileReference; lastKnownFileType = sourcecode.swift; path = AppDelegate.swift; sourceTree = "<group>"; };
		7AB3CD682918F5EF0001415F /* SceneDelegate.swift */ = {isa = PBXFileReference; lastKnownFileType = sourcecode.swift; path = SceneDelegate.swift; sourceTree = "<group>"; };
		7AB3CD6A2918F5EF0001415F /* HomeViewController.swift */ = {isa = PBXFileReference; lastKnownFileType = sourcecode.swift; path = HomeViewController.swift; sourceTree = "<group>"; };
		7AB3CD6D2918F5EF0001415F /* Base */ = {isa = PBXFileReference; lastKnownFileType = file.storyboard; name = Base; path = Base.lproj/Main.storyboard; sourceTree = "<group>"; };
		7AB3CD6F2918F5F00001415F /* Assets.xcassets */ = {isa = PBXFileReference; lastKnownFileType = folder.assetcatalog; path = Assets.xcassets; sourceTree = "<group>"; };
		7AB3CD722918F5F00001415F /* Base */ = {isa = PBXFileReference; lastKnownFileType = file.storyboard; name = Base; path = Base.lproj/LaunchScreen.storyboard; sourceTree = "<group>"; };
		7AB3CD742918F5F00001415F /* Info.plist */ = {isa = PBXFileReference; lastKnownFileType = text.plist.xml; path = Info.plist; sourceTree = "<group>"; };
		7AB3CD7A2918F7BF0001415F /* PayViewController.swift */ = {isa = PBXFileReference; lastKnownFileType = sourcecode.swift; path = PayViewController.swift; sourceTree = "<group>"; };
		7AB3CD7C2918F7C50001415F /* OrderViewController.swift */ = {isa = PBXFileReference; lastKnownFileType = sourcecode.swift; path = OrderViewController.swift; sourceTree = "<group>"; };
		7AB3CD7E2918F7CA0001415F /* ShopViewController.swift */ = {isa = PBXFileReference; lastKnownFileType = sourcecode.swift; path = ShopViewController.swift; sourceTree = "<group>"; };
		7AB3CD802918F7D40001415F /* OtherViewController.swift */ = {isa = PBXFileReference; lastKnownFileType = sourcecode.swift; path = OtherViewController.swift; sourceTree = "<group>"; };
		7AB3CD84291909FE0001415F /* UIView.swift */ = {isa = PBXFileReference; lastKnownFileType = sourcecode.swift; path = UIView.swift; sourceTree = "<group>"; };
		7AB3CD8629190A190001415F /* UIColor.swift */ = {isa = PBXFileReference; lastKnownFileType = sourcecode.swift; path = UIColor.swift; sourceTree = "<group>"; };
		7AB3CD8829190D070001415F /* CALayer.swift */ = {isa = PBXFileReference; lastKnownFileType = sourcecode.swift; path = CALayer.swift; sourceTree = "<group>"; };
		7AB3CD8B291A124C0001415F /* AllMenuViewController.swift */ = {isa = PBXFileReference; lastKnownFileType = sourcecode.swift; path = AllMenuViewController.swift; sourceTree = "<group>"; };
		7AB3CD8D291A12570001415F /* MyMenuViewController.swift */ = {isa = PBXFileReference; lastKnownFileType = sourcecode.swift; path = MyMenuViewController.swift; sourceTree = "<group>"; };
		7AB3CD8F291A20740001415F /* AllMenuTableViewCell.swift */ = {isa = PBXFileReference; lastKnownFileType = sourcecode.swift; path = AllMenuTableViewCell.swift; sourceTree = "<group>"; };
		7AB3CD96291A395F0001415F /* Menu.swift */ = {isa = PBXFileReference; lastKnownFileType = sourcecode.swift; path = Menu.swift; sourceTree = "<group>"; };
		A2FA4B8515E4C0AC055C5A0C /* Pods-StarBucks.release.xcconfig */ = {isa = PBXFileReference; includeInIndex = 1; lastKnownFileType = text.xcconfig; name = "Pods-StarBucks.release.xcconfig"; path = "Target Support Files/Pods-StarBucks/Pods-StarBucks.release.xcconfig"; sourceTree = "<group>"; };
		FC485EB63C0EBCA57BE4052E /* Pods-StarBucks.debug.xcconfig */ = {isa = PBXFileReference; includeInIndex = 1; lastKnownFileType = text.xcconfig; name = "Pods-StarBucks.debug.xcconfig"; path = "Target Support Files/Pods-StarBucks/Pods-StarBucks.debug.xcconfig"; sourceTree = "<group>"; };
/* End PBXFileReference section */

/* Begin PBXFrameworksBuildPhase section */
		7AB3CD602918F5EF0001415F /* Frameworks */ = {
			isa = PBXFrameworksBuildPhase;
			buildActionMask = 2147483647;
			files = (
				F30DC839C97BD978238C1EF3 /* Pods_StarBucks.framework in Frameworks */,
			);
			runOnlyForDeploymentPostprocessing = 0;
		};
/* End PBXFrameworksBuildPhase section */

/* Begin PBXGroup section */
		3E2A3F29CD93C9B371CEB219 /* Pods */ = {
			isa = PBXGroup;
			children = (
				FC485EB63C0EBCA57BE4052E /* Pods-StarBucks.debug.xcconfig */,
				A2FA4B8515E4C0AC055C5A0C /* Pods-StarBucks.release.xcconfig */,
			);
			path = Pods;
			sourceTree = "<group>";
		};
		5237242419D679E44D8919FD /* Frameworks */ = {
			isa = PBXGroup;
			children = (
				7AB1500B4BBF580FA724E1AF /* Pods_StarBucks.framework */,
			);
			name = Frameworks;
			sourceTree = "<group>";
		};
		7A1252E6291CD9600087656B /* Service */ = {
			isa = PBXGroup;
			children = (
			);
			path = Service;
			sourceTree = "<group>";
		};
		7A245044291E32FC0049EED5 /* AllMenu */ = {
			isa = PBXGroup;
			children = (
				7AB3CD8B291A124C0001415F /* AllMenuViewController.swift */,
				7A245055292372ED0049EED5 /* AllMenuViewModel.swift */,
				7AB3CD8F291A20740001415F /* AllMenuTableViewCell.swift */,
			);
			path = AllMenu;
			sourceTree = "<group>";
		};
		7A245045291E33090049EED5 /* MyMenu */ = {
			isa = PBXGroup;
			children = (
				7AB3CD8D291A12570001415F /* MyMenuViewController.swift */,
				7A1252E2291B856A0087656B /* MyMenuTableViewCell.swift */,
				7A1252E4291BA1930087656B /* MenuSequenceChangeViewController.swift */,
				7A1252E7291CDA150087656B /* AlertViewController.swift */,
			);
			path = MyMenu;
			sourceTree = "<group>";
		};
		7AB3CD5A2918F5EF0001415F = {
			isa = PBXGroup;
			children = (
				7AB3CD652918F5EF0001415F /* StarBucks */,
				7AB3CD642918F5EF0001415F /* Products */,
				3E2A3F29CD93C9B371CEB219 /* Pods */,
				5237242419D679E44D8919FD /* Frameworks */,
			);
			sourceTree = "<group>";
		};
		7AB3CD642918F5EF0001415F /* Products */ = {
			isa = PBXGroup;
			children = (
				7AB3CD632918F5EF0001415F /* StarBucks.app */,
			);
			name = Products;
			sourceTree = "<group>";
		};
		7AB3CD652918F5EF0001415F /* StarBucks */ = {
			isa = PBXGroup;
			children = (
				7A1252E6291CD9600087656B /* Service */,
				7AB3CD95291A394B0001415F /* Model */,
				7AB3CD83291909770001415F /* Extension */,
				7AB3CD822919096C0001415F /* ViewController */,
				7AB3CD662918F5EF0001415F /* AppDelegate.swift */,
				7AB3CD682918F5EF0001415F /* SceneDelegate.swift */,
				7AB3CD6C2918F5EF0001415F /* Main.storyboard */,
				7AB3CD6F2918F5F00001415F /* Assets.xcassets */,
				7AB3CD712918F5F00001415F /* LaunchScreen.storyboard */,
				7AB3CD742918F5F00001415F /* Info.plist */,
			);
			path = StarBucks;
			sourceTree = "<group>";
		};
		7AB3CD822919096C0001415F /* ViewController */ = {
			isa = PBXGroup;
			children = (
				7AB3CD91291A39280001415F /* Home */,
				7AB3CD92291A39320001415F /* Pay */,
				7AB3CD8A291A12260001415F /* Order */,
				7AB3CD93291A39370001415F /* Shop */,
				7AB3CD94291A393D0001415F /* Other */,
			);
			path = ViewController;
			sourceTree = "<group>";
		};
		7AB3CD83291909770001415F /* Extension */ = {
			isa = PBXGroup;
			children = (
				7AB3CD84291909FE0001415F /* UIView.swift */,
				7AB3CD8629190A190001415F /* UIColor.swift */,
				7AB3CD8829190D070001415F /* CALayer.swift */,
				7A2450572924BC600049EED5 /* UIImageView.swift */,
			);
			path = Extension;
			sourceTree = "<group>";
		};
		7AB3CD8A291A12260001415F /* Order */ = {
			isa = PBXGroup;
			children = (
				7AB3CD7C2918F7C50001415F /* OrderViewController.swift */,
				7A2450532923613D0049EED5 /* OrderViewModel.swift */,
				7A1252DE291B73AA0087656B /* MenuListViewController.swift */,
				7A1252E0291B7D900087656B /* MenuListTableViewCell.swift */,
				7A245046291E33520049EED5 /* SearchViewController.swift */,
				7A245048291E338C0049EED5 /* SearchListViewController.swift */,
				7A2450592924D42B0049EED5 /* LocationViewController.swift */,
				7A24504D2922318C0049EED5 /* PoketViewController.swift */,
				7A24504F29223E7A0049EED5 /* PoketFoodViewController.swift */,
				7A24505129223E840049EED5 /* PoketProductViewController.swift */,
				7A245044291E32FC0049EED5 /* AllMenu */,
				7A245045291E33090049EED5 /* MyMenu */,
			);
			path = Order;
			sourceTree = "<group>";
		};
		7AB3CD91291A39280001415F /* Home */ = {
			isa = PBXGroup;
			children = (
				7AB3CD6A2918F5EF0001415F /* HomeViewController.swift */,
			);
			path = Home;
			sourceTree = "<group>";
		};
		7AB3CD92291A39320001415F /* Pay */ = {
			isa = PBXGroup;
			children = (
				7AB3CD7A2918F7BF0001415F /* PayViewController.swift */,
			);
			path = Pay;
			sourceTree = "<group>";
		};
		7AB3CD93291A39370001415F /* Shop */ = {
			isa = PBXGroup;
			children = (
				7AB3CD7E2918F7CA0001415F /* ShopViewController.swift */,
			);
			path = Shop;
			sourceTree = "<group>";
		};
		7AB3CD94291A393D0001415F /* Other */ = {
			isa = PBXGroup;
			children = (
				7AB3CD802918F7D40001415F /* OtherViewController.swift */,
			);
			path = Other;
			sourceTree = "<group>";
		};
		7AB3CD95291A394B0001415F /* Model */ = {
			isa = PBXGroup;
			children = (
				7AB3CD96291A395F0001415F /* Menu.swift */,
			);
			path = Model;
			sourceTree = "<group>";
		};
/* End PBXGroup section */

/* Begin PBXNativeTarget section */
		7AB3CD622918F5EF0001415F /* StarBucks */ = {
			isa = PBXNativeTarget;
			buildConfigurationList = 7AB3CD772918F5F00001415F /* Build configuration list for PBXNativeTarget "StarBucks" */;
			buildPhases = (
				2AE0750174F801F7C6C5D0B8 /* [CP] Check Pods Manifest.lock */,
				7AB3CD5F2918F5EF0001415F /* Sources */,
				7AB3CD602918F5EF0001415F /* Frameworks */,
				7AB3CD612918F5EF0001415F /* Resources */,
				A37A5140951165E9B10BE51A /* [CP] Embed Pods Frameworks */,
			);
			buildRules = (
			);
			dependencies = (
			);
			name = StarBucks;
			productName = StarBucks;
			productReference = 7AB3CD632918F5EF0001415F /* StarBucks.app */;
			productType = "com.apple.product-type.application";
		};
/* End PBXNativeTarget section */

/* Begin PBXProject section */
		7AB3CD5B2918F5EF0001415F /* Project object */ = {
			isa = PBXProject;
			attributes = {
				BuildIndependentTargetsInParallel = 1;
				LastSwiftUpdateCheck = 1340;
				LastUpgradeCheck = 1340;
				TargetAttributes = {
					7AB3CD622918F5EF0001415F = {
						CreatedOnToolsVersion = 13.4.1;
					};
				};
			};
			buildConfigurationList = 7AB3CD5E2918F5EF0001415F /* Build configuration list for PBXProject "StarBucks" */;
			compatibilityVersion = "Xcode 13.0";
			developmentRegion = en;
			hasScannedForEncodings = 0;
			knownRegions = (
				en,
				Base,
			);
			mainGroup = 7AB3CD5A2918F5EF0001415F;
			productRefGroup = 7AB3CD642918F5EF0001415F /* Products */;
			projectDirPath = "";
			projectRoot = "";
			targets = (
				7AB3CD622918F5EF0001415F /* StarBucks */,
			);
		};
/* End PBXProject section */

/* Begin PBXResourcesBuildPhase section */
		7AB3CD612918F5EF0001415F /* Resources */ = {
			isa = PBXResourcesBuildPhase;
			buildActionMask = 2147483647;
			files = (
				7AB3CD732918F5F00001415F /* LaunchScreen.storyboard in Resources */,
				7AB3CD702918F5F00001415F /* Assets.xcassets in Resources */,
				7AB3CD6E2918F5EF0001415F /* Main.storyboard in Resources */,
			);
			runOnlyForDeploymentPostprocessing = 0;
		};
/* End PBXResourcesBuildPhase section */

/* Begin PBXShellScriptBuildPhase section */
		2AE0750174F801F7C6C5D0B8 /* [CP] Check Pods Manifest.lock */ = {
			isa = PBXShellScriptBuildPhase;
			buildActionMask = 2147483647;
			files = (
			);
			inputFileListPaths = (
			);
			inputPaths = (
				"${PODS_PODFILE_DIR_PATH}/Podfile.lock",
				"${PODS_ROOT}/Manifest.lock",
			);
			name = "[CP] Check Pods Manifest.lock";
			outputFileListPaths = (
			);
			outputPaths = (
				"$(DERIVED_FILE_DIR)/Pods-StarBucks-checkManifestLockResult.txt",
			);
			runOnlyForDeploymentPostprocessing = 0;
			shellPath = /bin/sh;
			shellScript = "diff \"${PODS_PODFILE_DIR_PATH}/Podfile.lock\" \"${PODS_ROOT}/Manifest.lock\" > /dev/null\nif [ $? != 0 ] ; then\n    # print error to STDERR\n    echo \"error: The sandbox is not in sync with the Podfile.lock. Run 'pod install' or update your CocoaPods installation.\" >&2\n    exit 1\nfi\n# This output is used by Xcode 'outputs' to avoid re-running this script phase.\necho \"SUCCESS\" > \"${SCRIPT_OUTPUT_FILE_0}\"\n";
			showEnvVarsInLog = 0;
		};
		A37A5140951165E9B10BE51A /* [CP] Embed Pods Frameworks */ = {
			isa = PBXShellScriptBuildPhase;
			buildActionMask = 2147483647;
			files = (
			);
			inputFileListPaths = (
				"${PODS_ROOT}/Target Support Files/Pods-StarBucks/Pods-StarBucks-frameworks-${CONFIGURATION}-input-files.xcfilelist",
			);
			name = "[CP] Embed Pods Frameworks";
			outputFileListPaths = (
				"${PODS_ROOT}/Target Support Files/Pods-StarBucks/Pods-StarBucks-frameworks-${CONFIGURATION}-output-files.xcfilelist",
			);
			runOnlyForDeploymentPostprocessing = 0;
			shellPath = /bin/sh;
			shellScript = "\"${PODS_ROOT}/Target Support Files/Pods-StarBucks/Pods-StarBucks-frameworks.sh\"\n";
			showEnvVarsInLog = 0;
		};
/* End PBXShellScriptBuildPhase section */

/* Begin PBXSourcesBuildPhase section */
		7AB3CD5F2918F5EF0001415F /* Sources */ = {
			isa = PBXSourcesBuildPhase;
			buildActionMask = 2147483647;
			files = (
				7AB3CD85291909FE0001415F /* UIView.swift in Sources */,
				7A2450582924BC600049EED5 /* UIImageView.swift in Sources */,
				7AB3CD6B2918F5EF0001415F /* HomeViewController.swift in Sources */,
				7AB3CD97291A395F0001415F /* Menu.swift in Sources */,
				7AB3CD7D2918F7C50001415F /* OrderViewController.swift in Sources */,
				7A1252E8291CDA150087656B /* AlertViewController.swift in Sources */,
				7A245056292372ED0049EED5 /* AllMenuViewModel.swift in Sources */,
				7A24505A2924D42B0049EED5 /* LocationViewController.swift in Sources */,
				7A1252E5291BA1930087656B /* MenuSequenceChangeViewController.swift in Sources */,
				7AB3CD8E291A12570001415F /* MyMenuViewController.swift in Sources */,
				7AB3CD812918F7D40001415F /* OtherViewController.swift in Sources */,
				7AB3CD8729190A190001415F /* UIColor.swift in Sources */,
				7AB3CD8C291A124C0001415F /* AllMenuViewController.swift in Sources */,
				7A245047291E33520049EED5 /* SearchViewController.swift in Sources */,
				7AB3CD7F2918F7CA0001415F /* ShopViewController.swift in Sources */,
				7A2450542923613D0049EED5 /* OrderViewModel.swift in Sources */,
				7A24505229223E840049EED5 /* PoketProductViewController.swift in Sources */,
				7A1252DF291B73AA0087656B /* MenuListViewController.swift in Sources */,
				7A24505029223E7A0049EED5 /* PoketFoodViewController.swift in Sources */,
				7A245049291E338C0049EED5 /* SearchListViewController.swift in Sources */,
				7A24504E2922318C0049EED5 /* PoketViewController.swift in Sources */,
				7A1252E1291B7D900087656B /* MenuListTableViewCell.swift in Sources */,
				7AB3CD672918F5EF0001415F /* AppDelegate.swift in Sources */,
				7AB3CD692918F5EF0001415F /* SceneDelegate.swift in Sources */,
				7AB3CD7B2918F7BF0001415F /* PayViewController.swift in Sources */,
				7A1252E3291B856A0087656B /* MyMenuTableViewCell.swift in Sources */,
				7AB3CD8929190D070001415F /* CALayer.swift in Sources */,
				7AB3CD90291A20740001415F /* AllMenuTableViewCell.swift in Sources */,
			);
			runOnlyForDeploymentPostprocessing = 0;
		};
/* End PBXSourcesBuildPhase section */

/* Begin PBXVariantGroup section */
		7AB3CD6C2918F5EF0001415F /* Main.storyboard */ = {
			isa = PBXVariantGroup;
			children = (
				7AB3CD6D2918F5EF0001415F /* Base */,
			);
			name = Main.storyboard;
			sourceTree = "<group>";
		};
		7AB3CD712918F5F00001415F /* LaunchScreen.storyboard */ = {
			isa = PBXVariantGroup;
			children = (
				7AB3CD722918F5F00001415F /* Base */,
			);
			name = LaunchScreen.storyboard;
			sourceTree = "<group>";
		};
/* End PBXVariantGroup section */

/* Begin XCBuildConfiguration section */
		7AB3CD752918F5F00001415F /* Debug */ = {
			isa = XCBuildConfiguration;
			buildSettings = {
				ALWAYS_SEARCH_USER_PATHS = NO;
				CLANG_ANALYZER_NONNULL = YES;
				CLANG_ANALYZER_NUMBER_OBJECT_CONVERSION = YES_AGGRESSIVE;
				CLANG_CXX_LANGUAGE_STANDARD = "gnu++17";
				CLANG_ENABLE_MODULES = YES;
				CLANG_ENABLE_OBJC_ARC = YES;
				CLANG_ENABLE_OBJC_WEAK = YES;
				CLANG_WARN_BLOCK_CAPTURE_AUTORELEASING = YES;
				CLANG_WARN_BOOL_CONVERSION = YES;
				CLANG_WARN_COMMA = YES;
				CLANG_WARN_CONSTANT_CONVERSION = YES;
				CLANG_WARN_DEPRECATED_OBJC_IMPLEMENTATIONS = YES;
				CLANG_WARN_DIRECT_OBJC_ISA_USAGE = YES_ERROR;
				CLANG_WARN_DOCUMENTATION_COMMENTS = YES;
				CLANG_WARN_EMPTY_BODY = YES;
				CLANG_WARN_ENUM_CONVERSION = YES;
				CLANG_WARN_INFINITE_RECURSION = YES;
				CLANG_WARN_INT_CONVERSION = YES;
				CLANG_WARN_NON_LITERAL_NULL_CONVERSION = YES;
				CLANG_WARN_OBJC_IMPLICIT_RETAIN_SELF = YES;
				CLANG_WARN_OBJC_LITERAL_CONVERSION = YES;
				CLANG_WARN_OBJC_ROOT_CLASS = YES_ERROR;
				CLANG_WARN_QUOTED_INCLUDE_IN_FRAMEWORK_HEADER = YES;
				CLANG_WARN_RANGE_LOOP_ANALYSIS = YES;
				CLANG_WARN_STRICT_PROTOTYPES = YES;
				CLANG_WARN_SUSPICIOUS_MOVE = YES;
				CLANG_WARN_UNGUARDED_AVAILABILITY = YES_AGGRESSIVE;
				CLANG_WARN_UNREACHABLE_CODE = YES;
				CLANG_WARN__DUPLICATE_METHOD_MATCH = YES;
				COPY_PHASE_STRIP = NO;
				DEBUG_INFORMATION_FORMAT = dwarf;
				ENABLE_STRICT_OBJC_MSGSEND = YES;
				ENABLE_TESTABILITY = YES;
				GCC_C_LANGUAGE_STANDARD = gnu11;
				GCC_DYNAMIC_NO_PIC = NO;
				GCC_NO_COMMON_BLOCKS = YES;
				GCC_OPTIMIZATION_LEVEL = 0;
				GCC_PREPROCESSOR_DEFINITIONS = (
					"DEBUG=1",
					"$(inherited)",
				);
				GCC_WARN_64_TO_32_BIT_CONVERSION = YES;
				GCC_WARN_ABOUT_RETURN_TYPE = YES_ERROR;
				GCC_WARN_UNDECLARED_SELECTOR = YES;
				GCC_WARN_UNINITIALIZED_AUTOS = YES_AGGRESSIVE;
				GCC_WARN_UNUSED_FUNCTION = YES;
				GCC_WARN_UNUSED_VARIABLE = YES;
				IPHONEOS_DEPLOYMENT_TARGET = 15.5;
				MTL_ENABLE_DEBUG_INFO = INCLUDE_SOURCE;
				MTL_FAST_MATH = YES;
				ONLY_ACTIVE_ARCH = YES;
				SDKROOT = iphoneos;
				SWIFT_ACTIVE_COMPILATION_CONDITIONS = DEBUG;
				SWIFT_OPTIMIZATION_LEVEL = "-Onone";
			};
			name = Debug;
		};
		7AB3CD762918F5F00001415F /* Release */ = {
			isa = XCBuildConfiguration;
			buildSettings = {
				ALWAYS_SEARCH_USER_PATHS = NO;
				CLANG_ANALYZER_NONNULL = YES;
				CLANG_ANALYZER_NUMBER_OBJECT_CONVERSION = YES_AGGRESSIVE;
				CLANG_CXX_LANGUAGE_STANDARD = "gnu++17";
				CLANG_ENABLE_MODULES = YES;
				CLANG_ENABLE_OBJC_ARC = YES;
				CLANG_ENABLE_OBJC_WEAK = YES;
				CLANG_WARN_BLOCK_CAPTURE_AUTORELEASING = YES;
				CLANG_WARN_BOOL_CONVERSION = YES;
				CLANG_WARN_COMMA = YES;
				CLANG_WARN_CONSTANT_CONVERSION = YES;
				CLANG_WARN_DEPRECATED_OBJC_IMPLEMENTATIONS = YES;
				CLANG_WARN_DIRECT_OBJC_ISA_USAGE = YES_ERROR;
				CLANG_WARN_DOCUMENTATION_COMMENTS = YES;
				CLANG_WARN_EMPTY_BODY = YES;
				CLANG_WARN_ENUM_CONVERSION = YES;
				CLANG_WARN_INFINITE_RECURSION = YES;
				CLANG_WARN_INT_CONVERSION = YES;
				CLANG_WARN_NON_LITERAL_NULL_CONVERSION = YES;
				CLANG_WARN_OBJC_IMPLICIT_RETAIN_SELF = YES;
				CLANG_WARN_OBJC_LITERAL_CONVERSION = YES;
				CLANG_WARN_OBJC_ROOT_CLASS = YES_ERROR;
				CLANG_WARN_QUOTED_INCLUDE_IN_FRAMEWORK_HEADER = YES;
				CLANG_WARN_RANGE_LOOP_ANALYSIS = YES;
				CLANG_WARN_STRICT_PROTOTYPES = YES;
				CLANG_WARN_SUSPICIOUS_MOVE = YES;
				CLANG_WARN_UNGUARDED_AVAILABILITY = YES_AGGRESSIVE;
				CLANG_WARN_UNREACHABLE_CODE = YES;
				CLANG_WARN__DUPLICATE_METHOD_MATCH = YES;
				COPY_PHASE_STRIP = NO;
				DEBUG_INFORMATION_FORMAT = "dwarf-with-dsym";
				ENABLE_NS_ASSERTIONS = NO;
				ENABLE_STRICT_OBJC_MSGSEND = YES;
				GCC_C_LANGUAGE_STANDARD = gnu11;
				GCC_NO_COMMON_BLOCKS = YES;
				GCC_WARN_64_TO_32_BIT_CONVERSION = YES;
				GCC_WARN_ABOUT_RETURN_TYPE = YES_ERROR;
				GCC_WARN_UNDECLARED_SELECTOR = YES;
				GCC_WARN_UNINITIALIZED_AUTOS = YES_AGGRESSIVE;
				GCC_WARN_UNUSED_FUNCTION = YES;
				GCC_WARN_UNUSED_VARIABLE = YES;
				IPHONEOS_DEPLOYMENT_TARGET = 15.5;
				MTL_ENABLE_DEBUG_INFO = NO;
				MTL_FAST_MATH = YES;
				SDKROOT = iphoneos;
				SWIFT_COMPILATION_MODE = wholemodule;
				SWIFT_OPTIMIZATION_LEVEL = "-O";
				VALIDATE_PRODUCT = YES;
			};
			name = Release;
		};
		7AB3CD782918F5F00001415F /* Debug */ = {
			isa = XCBuildConfiguration;
			baseConfigurationReference = FC485EB63C0EBCA57BE4052E /* Pods-StarBucks.debug.xcconfig */;
			buildSettings = {
				ASSETCATALOG_COMPILER_APPICON_NAME = AppIcon;
				ASSETCATALOG_COMPILER_GLOBAL_ACCENT_COLOR_NAME = AccentColor;
				CODE_SIGN_STYLE = Automatic;
				CURRENT_PROJECT_VERSION = 1;
				DEVELOPMENT_TEAM = AMF27YMSLK;
				GENERATE_INFOPLIST_FILE = YES;
				INFOPLIST_FILE = StarBucks/Info.plist;
				INFOPLIST_KEY_UIApplicationSupportsIndirectInputEvents = YES;
				INFOPLIST_KEY_UILaunchStoryboardName = LaunchScreen;
				INFOPLIST_KEY_UISupportedInterfaceOrientations_iPad = "UIInterfaceOrientationPortrait UIInterfaceOrientationPortraitUpsideDown UIInterfaceOrientationLandscapeLeft UIInterfaceOrientationLandscapeRight";
				INFOPLIST_KEY_UISupportedInterfaceOrientations_iPhone = "UIInterfaceOrientationPortrait UIInterfaceOrientationLandscapeLeft UIInterfaceOrientationLandscapeRight";
				LD_RUNPATH_SEARCH_PATHS = (
					"$(inherited)",
					"@executable_path/Frameworks",
				);
				MARKETING_VERSION = 1.0;
				PRODUCT_BUNDLE_IDENTIFIER = wooluck.StarBucks;
				PRODUCT_NAME = "$(TARGET_NAME)";
				SWIFT_EMIT_LOC_STRINGS = YES;
				SWIFT_VERSION = 5.0;
				TARGETED_DEVICE_FAMILY = "1,2";
			};
			name = Debug;
		};
		7AB3CD792918F5F00001415F /* Release */ = {
			isa = XCBuildConfiguration;
			baseConfigurationReference = A2FA4B8515E4C0AC055C5A0C /* Pods-StarBucks.release.xcconfig */;
			buildSettings = {
				ASSETCATALOG_COMPILER_APPICON_NAME = AppIcon;
				ASSETCATALOG_COMPILER_GLOBAL_ACCENT_COLOR_NAME = AccentColor;
				CODE_SIGN_STYLE = Automatic;
				CURRENT_PROJECT_VERSION = 1;
				DEVELOPMENT_TEAM = AMF27YMSLK;
				GENERATE_INFOPLIST_FILE = YES;
				INFOPLIST_FILE = StarBucks/Info.plist;
				INFOPLIST_KEY_UIApplicationSupportsIndirectInputEvents = YES;
				INFOPLIST_KEY_UILaunchStoryboardName = LaunchScreen;
				INFOPLIST_KEY_UISupportedInterfaceOrientations_iPad = "UIInterfaceOrientationPortrait UIInterfaceOrientationPortraitUpsideDown UIInterfaceOrientationLandscapeLeft UIInterfaceOrientationLandscapeRight";
				INFOPLIST_KEY_UISupportedInterfaceOrientations_iPhone = "UIInterfaceOrientationPortrait UIInterfaceOrientationLandscapeLeft UIInterfaceOrientationLandscapeRight";
				LD_RUNPATH_SEARCH_PATHS = (
					"$(inherited)",
					"@executable_path/Frameworks",
				);
				MARKETING_VERSION = 1.0;
				PRODUCT_BUNDLE_IDENTIFIER = wooluck.StarBucks;
				PRODUCT_NAME = "$(TARGET_NAME)";
				SWIFT_EMIT_LOC_STRINGS = YES;
				SWIFT_VERSION = 5.0;
				TARGETED_DEVICE_FAMILY = "1,2";
			};
			name = Release;
		};
/* End XCBuildConfiguration section */

/* Begin XCConfigurationList section */
		7AB3CD5E2918F5EF0001415F /* Build configuration list for PBXProject "StarBucks" */ = {
			isa = XCConfigurationList;
			buildConfigurations = (
				7AB3CD752918F5F00001415F /* Debug */,
				7AB3CD762918F5F00001415F /* Release */,
			);
			defaultConfigurationIsVisible = 0;
			defaultConfigurationName = Release;
		};
		7AB3CD772918F5F00001415F /* Build configuration list for PBXNativeTarget "StarBucks" */ = {
			isa = XCConfigurationList;
			buildConfigurations = (
				7AB3CD782918F5F00001415F /* Debug */,
				7AB3CD792918F5F00001415F /* Release */,
			);
			defaultConfigurationIsVisible = 0;
			defaultConfigurationName = Release;
		};
/* End XCConfigurationList section */
	};
	rootObject = 7AB3CD5B2918F5EF0001415F /* Project object */;
}
